
Microsoft Visual Studio Solution File, Format Version 12.00
# Visual Studio Version 17
VisualStudioVersion = 17.14.36401.2 d17.14
MinimumVisualStudioVersion = 10.0.40219.1
Project("{FAE04EC0-301F-11D3-BF4B-00C04F79EFBC}") = "MemoryCache", "MemoryCache.csproj", "{665F44E3-0F0D-4A50-8A51-27CDE6ADD03C}"
EndProject
Global
	GlobalSection(SolutionConfigurationPlatforms) = preSolution
		Debug|Any CPU = Debug|Any CPU
		Release|Any CPU = Release|Any CPU
	EndGlobalSection
	GlobalSection(ProjectConfigurationPlatforms) = postSolution
		{665F44E3-0F0D-4A50-8A51-27CDE6ADD03C}.Debug|Any CPU.ActiveCfg = Debug|Any CPU
		{665F44E3-0F0D-4A50-8A51-27CDE6ADD03C}.Debug|Any CPU.Build.0 = Debug|Any CPU
		{665F44E3-0F0D-4A50-8A51-27CDE6ADD03C}.Release|Any CPU.ActiveCfg = Release|Any CPU
		{665F44E3-0F0D-4A50-8A51-27CDE6ADD03C}.Release|Any CPU.Build.0 = Release|Any CPU
	EndGlobalSection
	GlobalSection(SolutionProperties) = preSolution
		HideSolutionNode = FALSE
	EndGlobalSection
	GlobalSection(ExtensibilityGlobals) = postSolution
		SolutionGuid = {6771F48A-7907-409B-9021-3E207F26FB9B}
	EndGlobalSection
EndGlobal
